{
  "version": 4,
  "terraform_version": "1.9.6",
  "serial": 281,
  "lineage": "aeec487b-6fc3-35ad-842f-72e5aa5dacdc",
  "outputs": {
    "alb_dns_name": {
      "value": "my-fastapi-app-uat-lb-233032042.eu-north-1.elb.amazonaws.com",
      "type": "string"
    },
    "ecr_repository_name": {
      "value": "my-fastapi-app-uat-repo",
      "type": "string"
    },
    "ecr_repository_url": {
      "value": "970354271578.dkr.ecr.eu-north-1.amazonaws.com/my-fastapi-app-uat-repo",
      "type": "string"
    },
    "ecs_cluster_name": {
      "value": "my-fastapi-app-uat-my-cluster",
      "type": "string"
    },
    "ecs_container_name": {
      "value": "my-container",
      "type": "string"
    },
    "ecs_service_name": {
      "value": "my-fastapi-app-uat-my-api",
      "type": "string"
    },
    "ecs_task_definition": {
      "value": "arn:aws:ecs:eu-north-1:970354271578:task-definition/my-fastapi-app-uat-my-api-task:3",
      "type": "string"
    },
    "lb_listener": {
      "value": "arn:aws:elasticloadbalancing:eu-north-1:970354271578:listener/app/my-fastapi-app-uat-lb/db6b6db2879a8b17/4950ff35151c510b",
      "type": "string"
    },
    "lb_target_group_arn": {
      "value": "arn:aws:elasticloadbalancing:eu-north-1:970354271578:targetgroup/my-fastapi-app-uat-lb-target/5782f8cd02d68b24",
      "type": "string"
    },
    "region": {
      "value": "eu-north-1",
      "type": "string"
    },
    "security_group_ecs_id": {
      "value": "sg-06a89bc76d848529e",
      "type": "string"
    },
    "subnets_id": {
      "value": [
        "subnet-011e61a5b4eb54e67",
        "subnet-06f62efa1cee30d4a"
      ],
      "type": [
        "tuple",
        [
          "string",
          "string"
        ]
      ]
    },
    "task_arn": {
      "value": "arn:aws:ecs:eu-north-1:970354271578:task-definition/my-fastapi-app-uat-my-api-task:3",
      "type": "string"
    },
    "vpc_id": {
      "value": "vpc-01fe0cbfc87e17b03",
      "type": "string"
    }
  },
  "resources": [
    {
      "module": "module.deployment",
      "mode": "data",
      "type": "aws_caller_identity",
      "name": "current_user",
      "provider": "provider[\"registry.terraform.io/hashicorp/aws\"]",
      "instances": [
        {
          "schema_version": 0,
          "attributes": {
            "account_id": "970354271578",
            "arn": "arn:aws:iam::970354271578:user/trinidadDockerECRGlobalFull",
            "id": "970354271578",
            "user_id": "AIDA6D3M7EVNIVOH55E3C"
          },
          "sensitive_attributes": []
        }
      ]
    },
    {
      "module": "module.deployment",
      "mode": "data",
      "type": "aws_iam_policy_document",
      "name": "assume_role_ecs_tasks",
      "provider": "provider[\"registry.terraform.io/hashicorp/aws\"]",
      "instances": [
        {
          "schema_version": 0,
          "attributes": {
            "id": "1077804475",
            "json": "{\n  \"Version\": \"2012-10-17\",\n  \"Statement\": [\n    {\n      \"Effect\": \"Allow\",\n      \"Action\": \"sts:AssumeRole\",\n      \"Principal\": {\n        \"Service\": \"ecs-tasks.amazonaws.com\"\n      }\n    }\n  ]\n}",
            "minified_json": "{\"Version\":\"2012-10-17\",\"Statement\":[{\"Effect\":\"Allow\",\"Action\":\"sts:AssumeRole\",\"Principal\":{\"Service\":\"ecs-tasks.amazonaws.com\"}}]}",
            "override_json": null,
            "override_policy_documents": null,
            "policy_id": null,
            "source_json": null,
            "source_policy_documents": null,
            "statement": [
              {
                "actions": [
                  "sts:AssumeRole"
                ],
                "condition": [],
                "effect": "Allow",
                "not_actions": [],
                "not_principals": [],
                "not_resources": [],
                "principals": [
                  {
                    "identifiers": [
                      "ecs-tasks.amazonaws.com"
                    ],
                    "type": "Service"
                  }
                ],
                "resources": [],
                "sid": ""
              }
            ],
            "version": "2012-10-17"
          },
          "sensitive_attributes": []
        }
      ]
    },
    {
      "module": "module.deployment",
      "mode": "managed",
      "type": "aws_ecs_cluster",
      "name": "my_cluster",
      "provider": "provider[\"registry.terraform.io/hashicorp/aws\"]",
      "instances": [
        {
          "schema_version": 0,
          "attributes": {
            "arn": "arn:aws:ecs:eu-north-1:970354271578:cluster/my-fastapi-app-uat-my-cluster",
            "configuration": [],
            "id": "arn:aws:ecs:eu-north-1:970354271578:cluster/my-fastapi-app-uat-my-cluster",
            "name": "my-fastapi-app-uat-my-cluster",
            "service_connect_defaults": [],
            "setting": [
              {
                "name": "containerInsights",
                "value": "disabled"
              }
            ],
            "tags": {},
            "tags_all": {
              "Environment": "uat",
              "Name": "my-fastapi-app",
              "Project": "my-fastapi-app"
            }
          },
          "sensitive_attributes": [],
          "private": "bnVsbA=="
        }
      ]
    },
    {
      "module": "module.deployment",
      "mode": "managed",
      "type": "aws_ecs_service",
      "name": "api",
      "provider": "provider[\"registry.terraform.io/hashicorp/aws\"]",
      "instances": [
        {
          "schema_version": 1,
          "attributes": {
            "alarms": [],
            "capacity_provider_strategy": [],
            "cluster": "my-fastapi-app-uat-my-cluster",
            "deployment_circuit_breaker": [
              {
                "enable": false,
                "rollback": false
              }
            ],
            "deployment_controller": [
              {
                "type": "ECS"
              }
            ],
            "deployment_maximum_percent": 200,
            "deployment_minimum_healthy_percent": 100,
            "desired_count": 2,
            "enable_ecs_managed_tags": false,
            "enable_execute_command": false,
            "force_delete": null,
            "force_new_deployment": null,
            "health_check_grace_period_seconds": 0,
            "iam_role": "/aws-service-role/ecs.amazonaws.com/AWSServiceRoleForECS",
            "id": "arn:aws:ecs:eu-north-1:970354271578:service/my-fastapi-app-uat-my-cluster/my-fastapi-app-uat-my-api",
            "launch_type": "FARGATE",
            "load_balancer": [
              {
                "container_name": "my-container",
                "container_port": 8000,
                "elb_name": "",
                "target_group_arn": "arn:aws:elasticloadbalancing:eu-north-1:970354271578:targetgroup/my-fastapi-app-uat-lb-target/5782f8cd02d68b24"
              }
            ],
            "name": "my-fastapi-app-uat-my-api",
            "network_configuration": [
              {
                "assign_public_ip": true,
                "security_groups": [
                  "sg-06a89bc76d848529e"
                ],
                "subnets": [
                  "subnet-011e61a5b4eb54e67",
                  "subnet-06f62efa1cee30d4a"
                ]
              }
            ],
            "ordered_placement_strategy": [],
            "placement_constraints": [],
            "platform_version": "LATEST",
            "propagate_tags": "NONE",
            "scheduling_strategy": "REPLICA",
            "service_connect_configuration": [],
            "service_registries": [],
            "tags": {},
            "tags_all": {
              "Environment": "uat",
              "Name": "my-fastapi-app",
              "Project": "my-fastapi-app"
            },
            "task_definition": "arn:aws:ecs:eu-north-1:970354271578:task-definition/my-fastapi-app-uat-my-api-task:3",
            "timeouts": null,
            "triggers": {},
            "volume_configuration": [],
            "wait_for_steady_state": false
          },
          "sensitive_attributes": [],
          "private": "eyJlMmJmYjczMC1lY2FhLTExZTYtOGY4OC0zNDM2M2JjN2M0YzAiOnsiY3JlYXRlIjoxMjAwMDAwMDAwMDAwLCJkZWxldGUiOjEyMDAwMDAwMDAwMDAsInVwZGF0ZSI6MTIwMDAwMDAwMDAwMH0sInNjaGVtYV92ZXJzaW9uIjoiMSJ9",
          "dependencies": [
            "module.deployment.aws_ecs_cluster.my_cluster",
            "module.deployment.aws_ecs_task_definition.my_api_task",
            "module.deployment.aws_iam_role.ecs_task_execution",
            "module.deployment.data.aws_iam_policy_document.assume_role_ecs_tasks",
            "module.deployment.module.network.aws_lb.my-alb",
            "module.deployment.module.network.aws_lb_listener.my-listener",
            "module.deployment.module.network.aws_lb_target_group.service_target_group",
            "module.deployment.module.network.aws_security_group.alb",
            "module.deployment.module.network.aws_security_group.ecs_tasks",
            "module.deployment.module.network.aws_subnet.my-subnets",
            "module.deployment.module.network.aws_vpc.my-vpc",
            "module.deployment.module.network.data.aws_availability_zones.available",
            "module.setup.aws_ecr_repository.app-repo"
          ]
        }
      ]
    },
    {
      "module": "module.deployment",
      "mode": "managed",
      "type": "aws_ecs_task_definition",
      "name": "my_api_task",
      "provider": "provider[\"registry.terraform.io/hashicorp/aws\"]",
      "instances": [
        {
          "schema_version": 1,
          "attributes": {
            "arn": "arn:aws:ecs:eu-north-1:970354271578:task-definition/my-fastapi-app-uat-my-api-task:3",
            "arn_without_revision": "arn:aws:ecs:eu-north-1:970354271578:task-definition/my-fastapi-app-uat-my-api-task",
            "container_definitions": "[{\"environment\":[],\"essential\":true,\"image\":\"970354271578.dkr.ecr.eu-north-1.amazonaws.com/my-fastapi-app-uat-repo:latest\",\"mountPoints\":[],\"name\":\"my-container\",\"portMappings\":[{\"containerPort\":8000,\"hostPort\":8000,\"protocol\":\"tcp\"}],\"systemControls\":[],\"volumesFrom\":[]}]",
            "cpu": "256",
            "ephemeral_storage": [],
            "execution_role_arn": "arn:aws:iam::970354271578:role/my-fastapi-app-uat-ecs-task-execution",
            "family": "my-fastapi-app-uat-my-api-task",
            "id": "my-fastapi-app-uat-my-api-task",
            "inference_accelerator": [],
            "ipc_mode": "",
            "memory": "512",
            "network_mode": "awsvpc",
            "pid_mode": "",
            "placement_constraints": [],
            "proxy_configuration": [],
            "requires_compatibilities": [
              "FARGATE"
            ],
            "revision": 3,
            "runtime_platform": [],
            "skip_destroy": false,
            "tags": {},
            "tags_all": {
              "Environment": "uat",
              "Name": "my-fastapi-app",
              "Project": "my-fastapi-app"
            },
            "task_role_arn": "arn:aws:iam::970354271578:role/my-fastapi-app-uat-ecs-task-execution",
            "track_latest": false,
            "volume": []
          },
          "sensitive_attributes": [],
          "private": "eyJzY2hlbWFfdmVyc2lvbiI6IjEifQ==",
          "dependencies": [
            "module.deployment.aws_iam_role.ecs_task_execution",
            "module.deployment.data.aws_iam_policy_document.assume_role_ecs_tasks",
            "module.setup.aws_ecr_repository.app-repo"
          ]
        }
      ]
    },
    {
      "module": "module.deployment",
      "mode": "managed",
      "type": "aws_iam_policy",
      "name": "ecs_execution_policy",
      "provider": "provider[\"registry.terraform.io/hashicorp/aws\"]",
      "instances": [
        {
          "schema_version": 0,
          "attributes": {
            "arn": "arn:aws:iam::970354271578:policy/my-fastapi-app-uat-ecs-execution-policy",
            "attachment_count": 1,
            "description": "",
            "id": "arn:aws:iam::970354271578:policy/my-fastapi-app-uat-ecs-execution-policy",
            "name": "my-fastapi-app-uat-ecs-execution-policy",
            "name_prefix": "",
            "path": "/",
            "policy": "{\"Statement\":[{\"Action\":[\"ecr:*\",\"ecs:*\",\"elasticloadbalancing:*\",\"cloudwatch:*\",\"logs:*\"],\"Effect\":\"Allow\",\"Resource\":\"*\"}],\"Version\":\"2012-10-17\"}",
            "policy_id": "ANPA6D3M7EVNBOLBN2SER",
            "tags": {},
            "tags_all": {
              "Environment": "uat",
              "Name": "my-fastapi-app",
              "Project": "my-fastapi-app"
            }
          },
          "sensitive_attributes": [],
          "private": "bnVsbA=="
        }
      ]
    },
    {
      "module": "module.deployment",
      "mode": "managed",
      "type": "aws_iam_role",
      "name": "ecs_task_execution",
      "provider": "provider[\"registry.terraform.io/hashicorp/aws\"]",
      "instances": [
        {
          "schema_version": 0,
          "attributes": {
            "arn": "arn:aws:iam::970354271578:role/my-fastapi-app-uat-ecs-task-execution",
            "assume_role_policy": "{\"Statement\":[{\"Action\":\"sts:AssumeRole\",\"Effect\":\"Allow\",\"Principal\":{\"Service\":\"ecs-tasks.amazonaws.com\"}}],\"Version\":\"2012-10-17\"}",
            "create_date": "2024-10-31T11:58:34Z",
            "description": "",
            "force_detach_policies": false,
            "id": "my-fastapi-app-uat-ecs-task-execution",
            "inline_policy": [],
            "managed_policy_arns": [
              "arn:aws:iam::970354271578:policy/my-fastapi-app-uat-ecs-execution-policy"
            ],
            "max_session_duration": 3600,
            "name": "my-fastapi-app-uat-ecs-task-execution",
            "name_prefix": "",
            "path": "/",
            "permissions_boundary": "",
            "tags": {},
            "tags_all": {
              "Environment": "uat",
              "Name": "my-fastapi-app",
              "Project": "my-fastapi-app"
            },
            "unique_id": "AROA6D3M7EVNG3EFVO6UE"
          },
          "sensitive_attributes": [],
          "private": "bnVsbA==",
          "dependencies": [
            "module.deployment.data.aws_iam_policy_document.assume_role_ecs_tasks"
          ]
        }
      ]
    },
    {
      "module": "module.deployment",
      "mode": "managed",
      "type": "aws_iam_role_policy_attachment",
      "name": "ecs_task_execution_role_policy",
      "provider": "provider[\"registry.terraform.io/hashicorp/aws\"]",
      "instances": [
        {
          "schema_version": 0,
          "attributes": {
            "id": "my-fastapi-app-uat-ecs-task-execution-20241031115841265700000001",
            "policy_arn": "arn:aws:iam::970354271578:policy/my-fastapi-app-uat-ecs-execution-policy",
            "role": "my-fastapi-app-uat-ecs-task-execution"
          },
          "sensitive_attributes": [],
          "private": "bnVsbA==",
          "dependencies": [
            "module.deployment.aws_iam_policy.ecs_execution_policy",
            "module.deployment.aws_iam_role.ecs_task_execution",
            "module.deployment.data.aws_iam_policy_document.assume_role_ecs_tasks"
          ]
        }
      ]
    },
    {
      "module": "module.deployment.module.network",
      "mode": "data",
      "type": "aws_availability_zones",
      "name": "available",
      "provider": "provider[\"registry.terraform.io/hashicorp/aws\"]",
      "instances": [
        {
          "schema_version": 0,
          "attributes": {
            "all_availability_zones": null,
            "exclude_names": null,
            "exclude_zone_ids": null,
            "filter": null,
            "group_names": [
              "eu-north-1"
            ],
            "id": "eu-north-1",
            "names": [
              "eu-north-1a",
              "eu-north-1b",
              "eu-north-1c"
            ],
            "state": null,
            "timeouts": null,
            "zone_ids": [
              "eun1-az1",
              "eun1-az2",
              "eun1-az3"
            ]
          },
          "sensitive_attributes": []
        }
      ]
    },
    {
      "module": "module.deployment.module.network",
      "mode": "managed",
      "type": "aws_internet_gateway",
      "name": "my-igw",
      "provider": "provider[\"registry.terraform.io/hashicorp/aws\"]",
      "instances": [
        {
          "index_key": 0,
          "schema_version": 0,
          "attributes": {
            "arn": "arn:aws:ec2:eu-north-1:970354271578:internet-gateway/igw-0284f2fa391ca1264",
            "id": "igw-0284f2fa391ca1264",
            "owner_id": "970354271578",
            "tags": {},
            "tags_all": {
              "Environment": "uat",
              "Name": "my-fastapi-app",
              "Project": "my-fastapi-app"
            },
            "timeouts": null,
            "vpc_id": "vpc-01fe0cbfc87e17b03"
          },
          "sensitive_attributes": [],
          "private": "eyJlMmJmYjczMC1lY2FhLTExZTYtOGY4OC0zNDM2M2JjN2M0YzAiOnsiY3JlYXRlIjoxMjAwMDAwMDAwMDAwLCJkZWxldGUiOjEyMDAwMDAwMDAwMDAsInVwZGF0ZSI6MTIwMDAwMDAwMDAwMH19",
          "dependencies": [
            "module.deployment.module.network.aws_vpc.my-vpc"
          ]
        }
      ]
    },
    {
      "module": "module.deployment.module.network",
      "mode": "managed",
      "type": "aws_lb",
      "name": "my-alb",
      "provider": "provider[\"registry.terraform.io/hashicorp/aws\"]",
      "instances": [
        {
          "schema_version": 0,
          "attributes": {
            "access_logs": [
              {
                "bucket": "",
                "enabled": false,
                "prefix": ""
              }
            ],
            "arn": "arn:aws:elasticloadbalancing:eu-north-1:970354271578:loadbalancer/app/my-fastapi-app-uat-lb/db6b6db2879a8b17",
            "arn_suffix": "app/my-fastapi-app-uat-lb/db6b6db2879a8b17",
            "client_keep_alive": 3600,
            "connection_logs": [
              {
                "bucket": "",
                "enabled": false,
                "prefix": ""
              }
            ],
            "customer_owned_ipv4_pool": "",
            "desync_mitigation_mode": "defensive",
            "dns_name": "my-fastapi-app-uat-lb-233032042.eu-north-1.elb.amazonaws.com",
            "dns_record_client_routing_policy": null,
            "drop_invalid_header_fields": false,
            "enable_cross_zone_load_balancing": true,
            "enable_deletion_protection": false,
            "enable_http2": true,
            "enable_tls_version_and_cipher_suite_headers": false,
            "enable_waf_fail_open": false,
            "enable_xff_client_port": false,
            "enforce_security_group_inbound_rules_on_private_link_traffic": "",
            "id": "arn:aws:elasticloadbalancing:eu-north-1:970354271578:loadbalancer/app/my-fastapi-app-uat-lb/db6b6db2879a8b17",
            "idle_timeout": 60,
            "internal": false,
            "ip_address_type": "ipv4",
            "load_balancer_type": "application",
            "name": "my-fastapi-app-uat-lb",
            "name_prefix": "",
            "preserve_host_header": false,
            "security_groups": [
              "sg-007958ae77e399a7d"
            ],
            "subnet_mapping": [
              {
                "allocation_id": "",
                "ipv6_address": "",
                "outpost_id": "",
                "private_ipv4_address": "",
                "subnet_id": "subnet-011e61a5b4eb54e67"
              },
              {
                "allocation_id": "",
                "ipv6_address": "",
                "outpost_id": "",
                "private_ipv4_address": "",
                "subnet_id": "subnet-06f62efa1cee30d4a"
              }
            ],
            "subnets": [
              "subnet-011e61a5b4eb54e67",
              "subnet-06f62efa1cee30d4a"
            ],
            "tags": {},
            "tags_all": {
              "Environment": "uat",
              "Name": "my-fastapi-app",
              "Project": "my-fastapi-app"
            },
            "timeouts": null,
            "vpc_id": "vpc-01fe0cbfc87e17b03",
            "xff_header_processing_mode": "append",
            "zone_id": "Z23TAZ6LKFMNIO"
          },
          "sensitive_attributes": [],
          "private": "eyJlMmJmYjczMC1lY2FhLTExZTYtOGY4OC0zNDM2M2JjN2M0YzAiOnsiY3JlYXRlIjo2MDAwMDAwMDAwMDAsImRlbGV0ZSI6NjAwMDAwMDAwMDAwLCJ1cGRhdGUiOjYwMDAwMDAwMDAwMH19",
          "dependencies": [
            "module.deployment.module.network.aws_security_group.alb",
            "module.deployment.module.network.aws_subnet.my-subnets",
            "module.deployment.module.network.aws_vpc.my-vpc",
            "module.deployment.module.network.data.aws_availability_zones.available"
          ]
        }
      ]
    },
    {
      "module": "module.deployment.module.network",
      "mode": "managed",
      "type": "aws_lb_listener",
      "name": "my-listener",
      "provider": "provider[\"registry.terraform.io/hashicorp/aws\"]",
      "instances": [
        {
          "schema_version": 0,
          "attributes": {
            "alpn_policy": null,
            "arn": "arn:aws:elasticloadbalancing:eu-north-1:970354271578:listener/app/my-fastapi-app-uat-lb/db6b6db2879a8b17/4950ff35151c510b",
            "certificate_arn": null,
            "default_action": [
              {
                "authenticate_cognito": [],
                "authenticate_oidc": [],
                "fixed_response": [],
                "forward": [],
                "order": 1,
                "redirect": [],
                "target_group_arn": "arn:aws:elasticloadbalancing:eu-north-1:970354271578:targetgroup/my-fastapi-app-uat-lb-target/5782f8cd02d68b24",
                "type": "forward"
              }
            ],
            "id": "arn:aws:elasticloadbalancing:eu-north-1:970354271578:listener/app/my-fastapi-app-uat-lb/db6b6db2879a8b17/4950ff35151c510b",
            "load_balancer_arn": "arn:aws:elasticloadbalancing:eu-north-1:970354271578:loadbalancer/app/my-fastapi-app-uat-lb/db6b6db2879a8b17",
            "mutual_authentication": [],
            "port": 80,
            "protocol": "HTTP",
            "ssl_policy": "",
            "tags": {},
            "tags_all": {
              "Environment": "uat",
              "Name": "my-fastapi-app",
              "Project": "my-fastapi-app"
            },
            "timeouts": null
          },
          "sensitive_attributes": [],
          "private": "eyJlMmJmYjczMC1lY2FhLTExZTYtOGY4OC0zNDM2M2JjN2M0YzAiOnsiY3JlYXRlIjozMDAwMDAwMDAwMDAsInVwZGF0ZSI6MzAwMDAwMDAwMDAwfX0=",
          "dependencies": [
            "module.deployment.module.network.aws_lb.my-alb",
            "module.deployment.module.network.aws_lb_target_group.service_target_group",
            "module.deployment.module.network.aws_security_group.alb",
            "module.deployment.module.network.aws_subnet.my-subnets",
            "module.deployment.module.network.aws_vpc.my-vpc",
            "module.deployment.module.network.data.aws_availability_zones.available"
          ]
        }
      ]
    },
    {
      "module": "module.deployment.module.network",
      "mode": "managed",
      "type": "aws_lb_target_group",
      "name": "service_target_group",
      "provider": "provider[\"registry.terraform.io/hashicorp/aws\"]",
      "instances": [
        {
          "schema_version": 0,
          "attributes": {
            "arn": "arn:aws:elasticloadbalancing:eu-north-1:970354271578:targetgroup/my-fastapi-app-uat-lb-target/5782f8cd02d68b24",
            "arn_suffix": "targetgroup/my-fastapi-app-uat-lb-target/5782f8cd02d68b24",
            "connection_termination": null,
            "deregistration_delay": "300",
            "health_check": [
              {
                "enabled": true,
                "healthy_threshold": 3,
                "interval": 30,
                "matcher": "200",
                "path": "/health",
                "port": "traffic-port",
                "protocol": "HTTP",
                "timeout": 3,
                "unhealthy_threshold": 2
              }
            ],
            "id": "arn:aws:elasticloadbalancing:eu-north-1:970354271578:targetgroup/my-fastapi-app-uat-lb-target/5782f8cd02d68b24",
            "ip_address_type": "ipv4",
            "lambda_multi_value_headers_enabled": false,
            "load_balancer_arns": [
              "arn:aws:elasticloadbalancing:eu-north-1:970354271578:loadbalancer/app/my-fastapi-app-uat-lb/db6b6db2879a8b17"
            ],
            "load_balancing_algorithm_type": "round_robin",
            "load_balancing_anomaly_mitigation": "off",
            "load_balancing_cross_zone_enabled": "use_load_balancer_configuration",
            "name": "my-fastapi-app-uat-lb-target",
            "name_prefix": "",
            "port": 8000,
            "preserve_client_ip": null,
            "protocol": "HTTP",
            "protocol_version": "HTTP1",
            "proxy_protocol_v2": false,
            "slow_start": 0,
            "stickiness": [
              {
                "cookie_duration": 86400,
                "cookie_name": "",
                "enabled": false,
                "type": "lb_cookie"
              }
            ],
            "tags": {},
            "tags_all": {
              "Environment": "uat",
              "Name": "my-fastapi-app",
              "Project": "my-fastapi-app"
            },
            "target_failover": [
              {
                "on_deregistration": null,
                "on_unhealthy": null
              }
            ],
            "target_group_health": [
              {
                "dns_failover": [
                  {
                    "minimum_healthy_targets_count": "1",
                    "minimum_healthy_targets_percentage": "off"
                  }
                ],
                "unhealthy_state_routing": [
                  {
                    "minimum_healthy_targets_count": 1,
                    "minimum_healthy_targets_percentage": "off"
                  }
                ]
              }
            ],
            "target_health_state": [
              {
                "enable_unhealthy_connection_termination": null,
                "unhealthy_draining_interval": null
              }
            ],
            "target_type": "ip",
            "vpc_id": "vpc-01fe0cbfc87e17b03"
          },
          "sensitive_attributes": [],
          "private": "bnVsbA==",
          "dependencies": [
            "module.deployment.module.network.aws_vpc.my-vpc"
          ]
        }
      ]
    },
    {
      "module": "module.deployment.module.network",
      "mode": "managed",
      "type": "aws_route_table",
      "name": "route_table",
      "provider": "provider[\"registry.terraform.io/hashicorp/aws\"]",
      "instances": [
        {
          "index_key": 0,
          "schema_version": 0,
          "attributes": {
            "arn": "arn:aws:ec2:eu-north-1:970354271578:route-table/rtb-08e71f0bf585b2551",
            "id": "rtb-08e71f0bf585b2551",
            "owner_id": "970354271578",
            "propagating_vgws": [],
            "route": [
              {
                "carrier_gateway_id": "",
                "cidr_block": "0.0.0.0/0",
                "core_network_arn": "",
                "destination_prefix_list_id": "",
                "egress_only_gateway_id": "",
                "gateway_id": "igw-0284f2fa391ca1264",
                "ipv6_cidr_block": "",
                "local_gateway_id": "",
                "nat_gateway_id": "",
                "network_interface_id": "",
                "transit_gateway_id": "",
                "vpc_endpoint_id": "",
                "vpc_peering_connection_id": ""
              }
            ],
            "tags": {
              "Name": "public-route-table"
            },
            "tags_all": {
              "Environment": "uat",
              "Name": "public-route-table",
              "Project": "my-fastapi-app"
            },
            "timeouts": null,
            "vpc_id": "vpc-01fe0cbfc87e17b03"
          },
          "sensitive_attributes": [],
          "private": "eyJlMmJmYjczMC1lY2FhLTExZTYtOGY4OC0zNDM2M2JjN2M0YzAiOnsiY3JlYXRlIjozMDAwMDAwMDAwMDAsImRlbGV0ZSI6MzAwMDAwMDAwMDAwLCJ1cGRhdGUiOjEyMDAwMDAwMDAwMH19",
          "dependencies": [
            "module.deployment.module.network.aws_internet_gateway.my-igw",
            "module.deployment.module.network.aws_vpc.my-vpc"
          ]
        }
      ]
    },
    {
      "module": "module.deployment.module.network",
      "mode": "managed",
      "type": "aws_route_table_association",
      "name": "subnets-route",
      "provider": "provider[\"registry.terraform.io/hashicorp/aws\"]",
      "instances": [
        {
          "index_key": 0,
          "schema_version": 0,
          "attributes": {
            "gateway_id": "",
            "id": "rtbassoc-084a8155ffebac8cf",
            "route_table_id": "rtb-08e71f0bf585b2551",
            "subnet_id": "subnet-011e61a5b4eb54e67",
            "timeouts": null
          },
          "sensitive_attributes": [],
          "private": "eyJlMmJmYjczMC1lY2FhLTExZTYtOGY4OC0zNDM2M2JjN2M0YzAiOnsiY3JlYXRlIjozMDAwMDAwMDAwMDAsImRlbGV0ZSI6MzAwMDAwMDAwMDAwLCJ1cGRhdGUiOjEyMDAwMDAwMDAwMH19",
          "dependencies": [
            "module.deployment.module.network.aws_internet_gateway.my-igw",
            "module.deployment.module.network.aws_route_table.route_table",
            "module.deployment.module.network.aws_subnet.my-subnets",
            "module.deployment.module.network.aws_vpc.my-vpc",
            "module.deployment.module.network.data.aws_availability_zones.available"
          ]
        },
        {
          "index_key": 1,
          "schema_version": 0,
          "attributes": {
            "gateway_id": "",
            "id": "rtbassoc-0e75c7526948e5d55",
            "route_table_id": "rtb-08e71f0bf585b2551",
            "subnet_id": "subnet-06f62efa1cee30d4a",
            "timeouts": null
          },
          "sensitive_attributes": [],
          "private": "eyJlMmJmYjczMC1lY2FhLTExZTYtOGY4OC0zNDM2M2JjN2M0YzAiOnsiY3JlYXRlIjozMDAwMDAwMDAwMDAsImRlbGV0ZSI6MzAwMDAwMDAwMDAwLCJ1cGRhdGUiOjEyMDAwMDAwMDAwMH19",
          "dependencies": [
            "module.deployment.module.network.aws_internet_gateway.my-igw",
            "module.deployment.module.network.aws_route_table.route_table",
            "module.deployment.module.network.aws_subnet.my-subnets",
            "module.deployment.module.network.aws_vpc.my-vpc",
            "module.deployment.module.network.data.aws_availability_zones.available"
          ]
        }
      ]
    },
    {
      "module": "module.deployment.module.network",
      "mode": "managed",
      "type": "aws_security_group",
      "name": "alb",
      "provider": "provider[\"registry.terraform.io/hashicorp/aws\"]",
      "instances": [
        {
          "schema_version": 1,
          "attributes": {
            "arn": "arn:aws:ec2:eu-north-1:970354271578:security-group/sg-007958ae77e399a7d",
            "description": "Controls access to the ALB",
            "egress": [
              {
                "cidr_blocks": [
                  "0.0.0.0/0"
                ],
                "description": "",
                "from_port": 0,
                "ipv6_cidr_blocks": [],
                "prefix_list_ids": [],
                "protocol": "-1",
                "security_groups": [],
                "self": false,
                "to_port": 0
              }
            ],
            "id": "sg-007958ae77e399a7d",
            "ingress": [
              {
                "cidr_blocks": [
                  "0.0.0.0/0"
                ],
                "description": "",
                "from_port": 443,
                "ipv6_cidr_blocks": [],
                "prefix_list_ids": [],
                "protocol": "tcp",
                "security_groups": [],
                "self": false,
                "to_port": 443
              },
              {
                "cidr_blocks": [
                  "0.0.0.0/0"
                ],
                "description": "",
                "from_port": 80,
                "ipv6_cidr_blocks": [],
                "prefix_list_ids": [],
                "protocol": "tcp",
                "security_groups": [],
                "self": false,
                "to_port": 80
              }
            ],
            "name": "my-fastapi-app-uat-lb-security-group",
            "name_prefix": "",
            "owner_id": "970354271578",
            "revoke_rules_on_delete": false,
            "tags": {},
            "tags_all": {
              "Environment": "uat",
              "Name": "my-fastapi-app",
              "Project": "my-fastapi-app"
            },
            "timeouts": null,
            "vpc_id": "vpc-01fe0cbfc87e17b03"
          },
          "sensitive_attributes": [],
          "private": "eyJlMmJmYjczMC1lY2FhLTExZTYtOGY4OC0zNDM2M2JjN2M0YzAiOnsiY3JlYXRlIjo2MDAwMDAwMDAwMDAsImRlbGV0ZSI6OTAwMDAwMDAwMDAwfSwic2NoZW1hX3ZlcnNpb24iOiIxIn0=",
          "dependencies": [
            "module.deployment.module.network.aws_vpc.my-vpc"
          ]
        }
      ]
    },
    {
      "module": "module.deployment.module.network",
      "mode": "managed",
      "type": "aws_security_group",
      "name": "ecs_tasks",
      "provider": "provider[\"registry.terraform.io/hashicorp/aws\"]",
      "instances": [
        {
          "schema_version": 1,
          "attributes": {
            "arn": "arn:aws:ec2:eu-north-1:970354271578:security-group/sg-06a89bc76d848529e",
            "description": "Allows inbound access from the ALB only",
            "egress": [
              {
                "cidr_blocks": [
                  "0.0.0.0/0"
                ],
                "description": "",
                "from_port": 0,
                "ipv6_cidr_blocks": [],
                "prefix_list_ids": [],
                "protocol": "-1",
                "security_groups": [],
                "self": false,
                "to_port": 0
              }
            ],
            "id": "sg-06a89bc76d848529e",
            "ingress": [
              {
                "cidr_blocks": [],
                "description": "",
                "from_port": 8000,
                "ipv6_cidr_blocks": [],
                "prefix_list_ids": [],
                "protocol": "tcp",
                "security_groups": [
                  "sg-007958ae77e399a7d"
                ],
                "self": false,
                "to_port": 8000
              }
            ],
            "name": "my-fastapi-app-uat-ecs-security-group",
            "name_prefix": "",
            "owner_id": "970354271578",
            "revoke_rules_on_delete": false,
            "tags": {},
            "tags_all": {
              "Environment": "uat",
              "Name": "my-fastapi-app",
              "Project": "my-fastapi-app"
            },
            "timeouts": null,
            "vpc_id": "vpc-01fe0cbfc87e17b03"
          },
          "sensitive_attributes": [],
          "private": "eyJlMmJmYjczMC1lY2FhLTExZTYtOGY4OC0zNDM2M2JjN2M0YzAiOnsiY3JlYXRlIjo2MDAwMDAwMDAwMDAsImRlbGV0ZSI6OTAwMDAwMDAwMDAwfSwic2NoZW1hX3ZlcnNpb24iOiIxIn0=",
          "dependencies": [
            "module.deployment.module.network.aws_security_group.alb",
            "module.deployment.module.network.aws_vpc.my-vpc"
          ]
        }
      ]
    },
    {
      "module": "module.deployment.module.network",
      "mode": "managed",
      "type": "aws_subnet",
      "name": "my-subnets",
      "provider": "provider[\"registry.terraform.io/hashicorp/aws\"]",
      "instances": [
        {
          "index_key": 0,
          "schema_version": 1,
          "attributes": {
            "arn": "arn:aws:ec2:eu-north-1:970354271578:subnet/subnet-011e61a5b4eb54e67",
            "assign_ipv6_address_on_creation": false,
            "availability_zone": "eu-north-1a",
            "availability_zone_id": "eun1-az1",
            "cidr_block": "10.0.1.0/24",
            "customer_owned_ipv4_pool": "",
            "enable_dns64": false,
            "enable_lni_at_device_index": 0,
            "enable_resource_name_dns_a_record_on_launch": false,
            "enable_resource_name_dns_aaaa_record_on_launch": false,
            "id": "subnet-011e61a5b4eb54e67",
            "ipv6_cidr_block": "",
            "ipv6_cidr_block_association_id": "",
            "ipv6_native": false,
            "map_customer_owned_ip_on_launch": false,
            "map_public_ip_on_launch": true,
            "outpost_arn": "",
            "owner_id": "970354271578",
            "private_dns_hostname_type_on_launch": "ip-name",
            "tags": {},
            "tags_all": {
              "Environment": "uat",
              "Name": "my-fastapi-app",
              "Project": "my-fastapi-app"
            },
            "timeouts": null,
            "vpc_id": "vpc-01fe0cbfc87e17b03"
          },
          "sensitive_attributes": [],
          "private": "eyJlMmJmYjczMC1lY2FhLTExZTYtOGY4OC0zNDM2M2JjN2M0YzAiOnsiY3JlYXRlIjo2MDAwMDAwMDAwMDAsImRlbGV0ZSI6MTIwMDAwMDAwMDAwMH0sInNjaGVtYV92ZXJzaW9uIjoiMSJ9",
          "dependencies": [
            "module.deployment.module.network.aws_vpc.my-vpc",
            "module.deployment.module.network.data.aws_availability_zones.available"
          ]
        },
        {
          "index_key": 1,
          "schema_version": 1,
          "attributes": {
            "arn": "arn:aws:ec2:eu-north-1:970354271578:subnet/subnet-06f62efa1cee30d4a",
            "assign_ipv6_address_on_creation": false,
            "availability_zone": "eu-north-1b",
            "availability_zone_id": "eun1-az2",
            "cidr_block": "10.0.2.0/24",
            "customer_owned_ipv4_pool": "",
            "enable_dns64": false,
            "enable_lni_at_device_index": 0,
            "enable_resource_name_dns_a_record_on_launch": false,
            "enable_resource_name_dns_aaaa_record_on_launch": false,
            "id": "subnet-06f62efa1cee30d4a",
            "ipv6_cidr_block": "",
            "ipv6_cidr_block_association_id": "",
            "ipv6_native": false,
            "map_customer_owned_ip_on_launch": false,
            "map_public_ip_on_launch": true,
            "outpost_arn": "",
            "owner_id": "970354271578",
            "private_dns_hostname_type_on_launch": "ip-name",
            "tags": {},
            "tags_all": {
              "Environment": "uat",
              "Name": "my-fastapi-app",
              "Project": "my-fastapi-app"
            },
            "timeouts": null,
            "vpc_id": "vpc-01fe0cbfc87e17b03"
          },
          "sensitive_attributes": [],
          "private": "eyJlMmJmYjczMC1lY2FhLTExZTYtOGY4OC0zNDM2M2JjN2M0YzAiOnsiY3JlYXRlIjo2MDAwMDAwMDAwMDAsImRlbGV0ZSI6MTIwMDAwMDAwMDAwMH0sInNjaGVtYV92ZXJzaW9uIjoiMSJ9",
          "dependencies": [
            "module.deployment.module.network.aws_vpc.my-vpc",
            "module.deployment.module.network.data.aws_availability_zones.available"
          ]
        }
      ]
    },
    {
      "module": "module.deployment.module.network",
      "mode": "managed",
      "type": "aws_vpc",
      "name": "my-vpc",
      "provider": "provider[\"registry.terraform.io/hashicorp/aws\"]",
      "instances": [
        {
          "schema_version": 1,
          "attributes": {
            "arn": "arn:aws:ec2:eu-north-1:970354271578:vpc/vpc-01fe0cbfc87e17b03",
            "assign_generated_ipv6_cidr_block": false,
            "cidr_block": "10.0.0.0/16",
            "default_network_acl_id": "acl-0b1d7a068f075dc04",
            "default_route_table_id": "rtb-076f7dd015ccc20a1",
            "default_security_group_id": "sg-046962f5a0d521df3",
            "dhcp_options_id": "dopt-3601cf5f",
            "enable_dns_hostnames": true,
            "enable_dns_support": true,
            "enable_network_address_usage_metrics": false,
            "id": "vpc-01fe0cbfc87e17b03",
            "instance_tenancy": "default",
            "ipv4_ipam_pool_id": null,
            "ipv4_netmask_length": null,
            "ipv6_association_id": "",
            "ipv6_cidr_block": "",
            "ipv6_cidr_block_network_border_group": "",
            "ipv6_ipam_pool_id": "",
            "ipv6_netmask_length": 0,
            "main_route_table_id": "rtb-076f7dd015ccc20a1",
            "owner_id": "970354271578",
            "tags": {},
            "tags_all": {
              "Environment": "uat",
              "Name": "my-fastapi-app",
              "Project": "my-fastapi-app"
            }
          },
          "sensitive_attributes": [],
          "private": "eyJzY2hlbWFfdmVyc2lvbiI6IjEifQ=="
        }
      ]
    },
    {
      "module": "module.setup",
      "mode": "managed",
      "type": "aws_ecr_repository",
      "name": "app-repo",
      "provider": "provider[\"registry.terraform.io/hashicorp/aws\"]",
      "instances": [
        {
          "schema_version": 0,
          "attributes": {
            "arn": "arn:aws:ecr:eu-north-1:970354271578:repository/my-fastapi-app-uat-repo",
            "encryption_configuration": [
              {
                "encryption_type": "AES256",
                "kms_key": ""
              }
            ],
            "force_delete": true,
            "id": "my-fastapi-app-uat-repo",
            "image_scanning_configuration": [
              {
                "scan_on_push": true
              }
            ],
            "image_tag_mutability": "MUTABLE",
            "name": "my-fastapi-app-uat-repo",
            "registry_id": "970354271578",
            "repository_url": "970354271578.dkr.ecr.eu-north-1.amazonaws.com/my-fastapi-app-uat-repo",
            "tags": {},
            "tags_all": {
              "Environment": "uat",
              "Name": "my-fastapi-app",
              "Project": "my-fastapi-app"
            },
            "timeouts": null
          },
          "sensitive_attributes": [],
          "private": "eyJlMmJmYjczMC1lY2FhLTExZTYtOGY4OC0zNDM2M2JjN2M0YzAiOnsiZGVsZXRlIjoxMjAwMDAwMDAwMDAwfX0="
        }
      ]
    }
  ],
  "check_results": null
}
