{
  "version": 4,
  "terraform_version": "1.9.6",
  "serial": 217,
  "lineage": "aeec487b-6fc3-35ad-842f-72e5aa5dacdc",
  "outputs": {
    "ecr_repository_url": {
      "value": "970354271578.dkr.ecr.eu-north-1.amazonaws.com/my-fastapi-app-uat-repo",
      "type": "string"
    }
  },
  "resources": [
    {
      "module": "module.setup",
      "mode": "managed",
      "type": "aws_ecr_repository",
      "name": "app-repo",
      "provider": "provider[\"registry.terraform.io/hashicorp/aws\"]",
      "instances": [
        {
          "schema_version": 0,
          "attributes": {
            "arn": "arn:aws:ecr:eu-north-1:970354271578:repository/my-fastapi-app-uat-repo",
            "encryption_configuration": [
              {
                "encryption_type": "AES256",
                "kms_key": ""
              }
            ],
            "force_delete": true,
            "id": "my-fastapi-app-uat-repo",
            "image_scanning_configuration": [
              {
                "scan_on_push": true
              }
            ],
            "image_tag_mutability": "MUTABLE",
            "name": "my-fastapi-app-uat-repo",
            "registry_id": "970354271578",
            "repository_url": "970354271578.dkr.ecr.eu-north-1.amazonaws.com/my-fastapi-app-uat-repo",
            "tags": null,
            "tags_all": {
              "Environment": "uat",
              "Name": "my-fastapi-app",
              "Project": "my-fastapi-app"
            },
            "timeouts": null
          },
          "sensitive_attributes": [],
          "private": "eyJlMmJmYjczMC1lY2FhLTExZTYtOGY4OC0zNDM2M2JjN2M0YzAiOnsiZGVsZXRlIjoxMjAwMDAwMDAwMDAwfX0="
        }
      ]
    }
  ],
  "check_results": null
}
